
Microsoft Visual Studio Solution File, Format Version 12.00
# Visual Studio Version 16
VisualStudioVersion = 16.0.30011.22
MinimumVisualStudioVersion = 10.0.40219.1
Project("{9A19103F-16F7-4668-BE54-9A1E7A4F7556}") = "Application", "src\Application\Application.csproj", "{3EF4888F-47B9-4896-90C5-F49D9716F881}"
EndProject
Project("{9A19103F-16F7-4668-BE54-9A1E7A4F7556}") = "Domian", "src\Domian\Domian.csproj", "{D2BF7D3D-7273-4587-BDDB-2C52FA0ADE29}"
EndProject
Project("{9A19103F-16F7-4668-BE54-9A1E7A4F7556}") = "Infrastructure", "src\Infrastructure\Infrastructure.csproj", "{F1BB2A8C-EBA7-42C0-B4A4-0957E97761EF}"
EndProject
Project("{9A19103F-16F7-4668-BE54-9A1E7A4F7556}") = "WebApi", "src\WebApi\WebApi.csproj", "{7D67C280-40AA-4BA7-A7CC-0F0B712CD009}"
EndProject
Project("{2150E333-8FDC-42A3-9474-1A3956D46DE8}") = "src", "src", "{90810A37-CAFE-4C73-8D29-25D0D9668E3A}"
EndProject
Project("{2150E333-8FDC-42A3-9474-1A3956D46DE8}") = "tests", "tests", "{7C1E750B-AEDC-4A7F-84F3-E94C0E5DA32A}"
EndProject
Project("{FAE04EC0-301F-11D3-BF4B-00C04F79EFBC}") = "Infrastructure.Tests", "tests\Infrastructure.Tests\Infrastructure.Tests.csproj", "{23824434-9904-4FF7-9648-7EA51FC0DEC6}"
EndProject
Global
	GlobalSection(SolutionConfigurationPlatforms) = preSolution
		Debug|Any CPU = Debug|Any CPU
		Release|Any CPU = Release|Any CPU
	EndGlobalSection
	GlobalSection(ProjectConfigurationPlatforms) = postSolution
		{3EF4888F-47B9-4896-90C5-F49D9716F881}.Debug|Any CPU.ActiveCfg = Debug|Any CPU
		{3EF4888F-47B9-4896-90C5-F49D9716F881}.Debug|Any CPU.Build.0 = Debug|Any CPU
		{3EF4888F-47B9-4896-90C5-F49D9716F881}.Release|Any CPU.ActiveCfg = Release|Any CPU
		{3EF4888F-47B9-4896-90C5-F49D9716F881}.Release|Any CPU.Build.0 = Release|Any CPU
		{D2BF7D3D-7273-4587-BDDB-2C52FA0ADE29}.Debug|Any CPU.ActiveCfg = Debug|Any CPU
		{D2BF7D3D-7273-4587-BDDB-2C52FA0ADE29}.Debug|Any CPU.Build.0 = Debug|Any CPU
		{D2BF7D3D-7273-4587-BDDB-2C52FA0ADE29}.Release|Any CPU.ActiveCfg = Release|Any CPU
		{D2BF7D3D-7273-4587-BDDB-2C52FA0ADE29}.Release|Any CPU.Build.0 = Release|Any CPU
		{F1BB2A8C-EBA7-42C0-B4A4-0957E97761EF}.Debug|Any CPU.ActiveCfg = Debug|Any CPU
		{F1BB2A8C-EBA7-42C0-B4A4-0957E97761EF}.Debug|Any CPU.Build.0 = Debug|Any CPU
		{F1BB2A8C-EBA7-42C0-B4A4-0957E97761EF}.Release|Any CPU.ActiveCfg = Release|Any CPU
		{F1BB2A8C-EBA7-42C0-B4A4-0957E97761EF}.Release|Any CPU.Build.0 = Release|Any CPU
		{7D67C280-40AA-4BA7-A7CC-0F0B712CD009}.Debug|Any CPU.ActiveCfg = Debug|Any CPU
		{7D67C280-40AA-4BA7-A7CC-0F0B712CD009}.Debug|Any CPU.Build.0 = Debug|Any CPU
		{7D67C280-40AA-4BA7-A7CC-0F0B712CD009}.Release|Any CPU.ActiveCfg = Release|Any CPU
		{7D67C280-40AA-4BA7-A7CC-0F0B712CD009}.Release|Any CPU.Build.0 = Release|Any CPU
		{23824434-9904-4FF7-9648-7EA51FC0DEC6}.Debug|Any CPU.ActiveCfg = Debug|Any CPU
		{23824434-9904-4FF7-9648-7EA51FC0DEC6}.Debug|Any CPU.Build.0 = Debug|Any CPU
		{23824434-9904-4FF7-9648-7EA51FC0DEC6}.Release|Any CPU.ActiveCfg = Release|Any CPU
		{23824434-9904-4FF7-9648-7EA51FC0DEC6}.Release|Any CPU.Build.0 = Release|Any CPU
	EndGlobalSection
	GlobalSection(SolutionProperties) = preSolution
		HideSolutionNode = FALSE
	EndGlobalSection
	GlobalSection(NestedProjects) = preSolution
		{3EF4888F-47B9-4896-90C5-F49D9716F881} = {90810A37-CAFE-4C73-8D29-25D0D9668E3A}
		{D2BF7D3D-7273-4587-BDDB-2C52FA0ADE29} = {90810A37-CAFE-4C73-8D29-25D0D9668E3A}
		{F1BB2A8C-EBA7-42C0-B4A4-0957E97761EF} = {90810A37-CAFE-4C73-8D29-25D0D9668E3A}
		{7D67C280-40AA-4BA7-A7CC-0F0B712CD009} = {90810A37-CAFE-4C73-8D29-25D0D9668E3A}
		{23824434-9904-4FF7-9648-7EA51FC0DEC6} = {7C1E750B-AEDC-4A7F-84F3-E94C0E5DA32A}
	EndGlobalSection
	GlobalSection(ExtensibilityGlobals) = postSolution
		SolutionGuid = {ACADB23E-23B1-4864-B4FC-CE9EE84A9901}
	EndGlobalSection
EndGlobal
